{
  "nodes": {
    "ds": {
      "inputs": {
        "nixpkgs": [
          "nixpkgs"
        ]
      },
      "locked": {
        "lastModified": 1779709330,
        "narHash": "sha256-duPgC6rl84Aam/n46L6CG+NIntSa1s8r9gYtHMieW/4=",
        "owner": "hydrastro",
        "repo": "ds",
        "rev": "c8bc9ad16b3e8703ad64c4c58c112b74d2972815",
        "type": "github"
      },
      "original": {
        "owner": "hydrastro",
        "repo": "ds",
        "type": "github"
      }
    },
    "nixpkgs": {
      "locked": {
        "lastModified": 1779877693,
        "narHash": "sha256-NOF9NAREhxr50bbBfVcVOq+ArCMSoe8dP79Pk2uyARk=",
        "owner": "NixOS",
        "repo": "nixpkgs",
        "rev": "4100e830e085863741bc69b156ec4ccd53ab5be0",
        "type": "github"
      },
      "original": {
        "owner": "NixOS",
        "ref": "nixpkgs-unstable",
        "repo": "nixpkgs",
        "type": "github"
      }
    },
    "root": {
      "inputs": {
        "ds": "ds",
        "nixpkgs": "nixpkgs"
      }
    }
  },
  "root": "root",
  "version": 7
}
